// !$*UTF8*$!
{
	archiveVersion = 1;
	classes = {
	};
	objectVersion = 48;
	objects = {

/* Begin PBXBuildFile section */
		9B2A7E28203D86DE0026161A /* WelcomeVC.swift in Sources */ = {isa = PBXBuildFile; fileRef = 9B2A7E27203D86DE0026161A /* WelcomeVC.swift */; };
		9B2ACE23203D61EF00C7F2A5 /* AppDelegate.swift in Sources */ = {isa = PBXBuildFile; fileRef = 9B2ACE22203D61EF00C7F2A5 /* AppDelegate.swift */; };
		9B2ACE25203D61EF00C7F2A5 /* LoginVC.swift in Sources */ = {isa = PBXBuildFile; fileRef = 9B2ACE24203D61EF00C7F2A5 /* LoginVC.swift */; };
		9B2ACE28203D61EF00C7F2A5 /* Main.storyboard in Resources */ = {isa = PBXBuildFile; fileRef = 9B2ACE26203D61EF00C7F2A5 /* Main.storyboard */; };
		9B2ACE2A203D61EF00C7F2A5 /* Assets.xcassets in Resources */ = {isa = PBXBuildFile; fileRef = 9B2ACE29203D61EF00C7F2A5 /* Assets.xcassets */; };
		9B2ACE2D203D61EF00C7F2A5 /* LaunchScreen.storyboard in Resources */ = {isa = PBXBuildFile; fileRef = 9B2ACE2B203D61EF00C7F2A5 /* LaunchScreen.storyboard */; };
		9B2ACE38203D61EF00C7F2A5 /* LoginRegisterTests.swift in Sources */ = {isa = PBXBuildFile; fileRef = 9B2ACE37203D61EF00C7F2A5 /* LoginRegisterTests.swift */; };
		9B2ACE43203D61EF00C7F2A5 /* LoginRegisterUITests.swift in Sources */ = {isa = PBXBuildFile; fileRef = 9B2ACE42203D61EF00C7F2A5 /* LoginRegisterUITests.swift */; };
		9B2ACE51203D6BA800C7F2A5 /* RegisterVC.swift in Sources */ = {isa = PBXBuildFile; fileRef = 9B2ACE50203D6BA800C7F2A5 /* RegisterVC.swift */; };
		9BB04131203EE98000A827F3 /* MenuVC.swift in Sources */ = {isa = PBXBuildFile; fileRef = 9BB04130203EE98000A827F3 /* MenuVC.swift */; };
/* End PBXBuildFile section */

/* Begin PBXContainerItemProxy section */
		9B2ACE34203D61EF00C7F2A5 /* PBXContainerItemProxy */ = {
			isa = PBXContainerItemProxy;
			containerPortal = 9B2ACE17203D61EE00C7F2A5 /* Project object */;
			proxyType = 1;
			remoteGlobalIDString = 9B2ACE1E203D61EE00C7F2A5;
			remoteInfo = LoginRegister;
		};
		9B2ACE3F203D61EF00C7F2A5 /* PBXContainerItemProxy */ = {
			isa = PBXContainerItemProxy;
			containerPortal = 9B2ACE17203D61EE00C7F2A5 /* Project object */;
			proxyType = 1;
			remoteGlobalIDString = 9B2ACE1E203D61EE00C7F2A5;
			remoteInfo = LoginRegister;
		};
/* End PBXContainerItemProxy section */

/* Begin PBXFileReference section */
		9B2A7E27203D86DE0026161A /* WelcomeVC.swift */ = {isa = PBXFileReference; lastKnownFileType = sourcecode.swift; path = WelcomeVC.swift; sourceTree = "<group>"; };
		9B2ACE1F203D61EE00C7F2A5 /* LoginRegister.app */ = {isa = PBXFileReference; explicitFileType = wrapper.application; includeInIndex = 0; path = LoginRegister.app; sourceTree = BUILT_PRODUCTS_DIR; };
		9B2ACE22203D61EF00C7F2A5 /* AppDelegate.swift */ = {isa = PBXFileReference; lastKnownFileType = sourcecode.swift; path = AppDelegate.swift; sourceTree = "<group>"; };
		9B2ACE24203D61EF00C7F2A5 /* LoginVC.swift */ = {isa = PBXFileReference; lastKnownFileType = sourcecode.swift; path = LoginVC.swift; sourceTree = "<group>"; };
		9B2ACE27203D61EF00C7F2A5 /* Base */ = {isa = PBXFileReference; lastKnownFileType = file.storyboard; name = Base; path = Base.lproj/Main.storyboard; sourceTree = "<group>"; };
		9B2ACE29203D61EF00C7F2A5 /* Assets.xcassets */ = {isa = PBXFileReference; lastKnownFileType = folder.assetcatalog; path = Assets.xcassets; sourceTree = "<group>"; };
		9B2ACE2C203D61EF00C7F2A5 /* Base */ = {isa = PBXFileReference; lastKnownFileType = file.storyboard; name = Base; path = Base.lproj/LaunchScreen.storyboard; sourceTree = "<group>"; };
		9B2ACE2E203D61EF00C7F2A5 /* Info.plist */ = {isa = PBXFileReference; lastKnownFileType = text.plist.xml; path = Info.plist; sourceTree = "<group>"; };
		9B2ACE33203D61EF00C7F2A5 /* LoginRegisterTests.xctest */ = {isa = PBXFileReference; explicitFileType = wrapper.cfbundle; includeInIndex = 0; path = LoginRegisterTests.xctest; sourceTree = BUILT_PRODUCTS_DIR; };
		9B2ACE37203D61EF00C7F2A5 /* LoginRegisterTests.swift */ = {isa = PBXFileReference; lastKnownFileType = sourcecode.swift; path = LoginRegisterTests.swift; sourceTree = "<group>"; };
		9B2ACE39203D61EF00C7F2A5 /* Info.plist */ = {isa = PBXFileReference; lastKnownFileType = text.plist.xml; path = Info.plist; sourceTree = "<group>"; };
		9B2ACE3E203D61EF00C7F2A5 /* LoginRegisterUITests.xctest */ = {isa = PBXFileReference; explicitFileType = wrapper.cfbundle; includeInIndex = 0; path = LoginRegisterUITests.xctest; sourceTree = BUILT_PRODUCTS_DIR; };
		9B2ACE42203D61EF00C7F2A5 /* LoginRegisterUITests.swift */ = {isa = PBXFileReference; lastKnownFileType = sourcecode.swift; path = LoginRegisterUITests.swift; sourceTree = "<group>"; };
		9B2ACE44203D61EF00C7F2A5 /* Info.plist */ = {isa = PBXFileReference; lastKnownFileType = text.plist.xml; path = Info.plist; sourceTree = "<group>"; };
		9B2ACE50203D6BA800C7F2A5 /* RegisterVC.swift */ = {isa = PBXFileReference; lastKnownFileType = sourcecode.swift; path = RegisterVC.swift; sourceTree = "<group>"; };
		9BB04130203EE98000A827F3 /* MenuVC.swift */ = {isa = PBXFileReference; lastKnownFileType = sourcecode.swift; path = MenuVC.swift; sourceTree = "<group>"; };
/* End PBXFileReference section */

/* Begin PBXFrameworksBuildPhase section */
		9B2ACE1C203D61EE00C7F2A5 /* Frameworks */ = {
			isa = PBXFrameworksBuildPhase;
			buildActionMask = 2147483647;
			files = (
			);
			runOnlyForDeploymentPostprocessing = 0;
		};
		9B2ACE30203D61EF00C7F2A5 /* Frameworks */ = {
			isa = PBXFrameworksBuildPhase;
			buildActionMask = 2147483647;
			files = (
			);
			runOnlyForDeploymentPostprocessing = 0;
		};
		9B2ACE3B203D61EF00C7F2A5 /* Frameworks */ = {
			isa = PBXFrameworksBuildPhase;
			buildActionMask = 2147483647;
			files = (
			);
			runOnlyForDeploymentPostprocessing = 0;
		};
/* End PBXFrameworksBuildPhase section */

/* Begin PBXGroup section */
		9B2ACE16203D61EE00C7F2A5 = {
			isa = PBXGroup;
			children = (
				9B2ACE21203D61EF00C7F2A5 /* LoginRegister */,
				9B2ACE36203D61EF00C7F2A5 /* LoginRegisterTests */,
				9B2ACE41203D61EF00C7F2A5 /* LoginRegisterUITests */,
				9B2ACE20203D61EE00C7F2A5 /* Products */,
			);
			sourceTree = "<group>";
		};
		9B2ACE20203D61EE00C7F2A5 /* Products */ = {
			isa = PBXGroup;
			children = (
				9B2ACE1F203D61EE00C7F2A5 /* LoginRegister.app */,
				9B2ACE33203D61EF00C7F2A5 /* LoginRegisterTests.xctest */,
				9B2ACE3E203D61EF00C7F2A5 /* LoginRegisterUITests.xctest */,
			);
			name = Products;
			sourceTree = "<group>";
		};
		9B2ACE21203D61EF00C7F2A5 /* LoginRegister */ = {
			isa = PBXGroup;
			children = (
				9B2ACE22203D61EF00C7F2A5 /* AppDelegate.swift */,
				9B2ACE24203D61EF00C7F2A5 /* LoginVC.swift */,
				9B2ACE26203D61EF00C7F2A5 /* Main.storyboard */,
				9B2ACE29203D61EF00C7F2A5 /* Assets.xcassets */,
				9B2ACE2B203D61EF00C7F2A5 /* LaunchScreen.storyboard */,
				9B2ACE2E203D61EF00C7F2A5 /* Info.plist */,
				9B2ACE50203D6BA800C7F2A5 /* RegisterVC.swift */,
				9B2A7E27203D86DE0026161A /* WelcomeVC.swift */,
				9BB04130203EE98000A827F3 /* MenuVC.swift */,
			);
			path = LoginRegister;
			sourceTree = "<group>";
		};
		9B2ACE36203D61EF00C7F2A5 /* LoginRegisterTests */ = {
			isa = PBXGroup;
			children = (
				9B2ACE37203D61EF00C7F2A5 /* LoginRegisterTests.swift */,
				9B2ACE39203D61EF00C7F2A5 /* Info.plist */,
			);
			path = LoginRegisterTests;
			sourceTree = "<group>";
		};
		9B2ACE41203D61EF00C7F2A5 /* LoginRegisterUITests */ = {
			isa = PBXGroup;
			children = (
				9B2ACE42203D61EF00C7F2A5 /* LoginRegisterUITests.swift */,
				9B2ACE44203D61EF00C7F2A5 /* Info.plist */,
			);
			path = LoginRegisterUITests;
			sourceTree = "<group>";
		};
/* End PBXGroup section */

/* Begin PBXNativeTarget section */
		9B2ACE1E203D61EE00C7F2A5 /* LoginRegister */ = {
			isa = PBXNativeTarget;
			buildConfigurationList = 9B2ACE47203D61EF00C7F2A5 /* Build configuration list for PBXNativeTarget "LoginRegister" */;
			buildPhases = (
				9B2ACE1B203D61EE00C7F2A5 /* Sources */,
				9B2ACE1C203D61EE00C7F2A5 /* Frameworks */,
				9B2ACE1D203D61EE00C7F2A5 /* Resources */,
			);
			buildRules = (
			);
			dependencies = (
			);
			name = LoginRegister;
			productName = LoginRegister;
			productReference = 9B2ACE1F203D61EE00C7F2A5 /* LoginRegister.app */;
			productType = "com.apple.product-type.application";
		};
		9B2ACE32203D61EF00C7F2A5 /* LoginRegisterTests */ = {
			isa = PBXNativeTarget;
			buildConfigurationList = 9B2ACE4A203D61EF00C7F2A5 /* Build configuration list for PBXNativeTarget "LoginRegisterTests" */;
			buildPhases = (
				9B2ACE2F203D61EF00C7F2A5 /* Sources */,
				9B2ACE30203D61EF00C7F2A5 /* Frameworks */,
				9B2ACE31203D61EF00C7F2A5 /* Resources */,
			);
			buildRules = (
			);
			dependencies = (
				9B2ACE35203D61EF00C7F2A5 /* PBXTargetDependency */,
			);
			name = LoginRegisterTests;
			productName = LoginRegisterTests;
			productReference = 9B2ACE33203D61EF00C7F2A5 /* LoginRegisterTests.xctest */;
			productType = "com.apple.product-type.bundle.unit-test";
		};
		9B2ACE3D203D61EF00C7F2A5 /* LoginRegisterUITests */ = {
			isa = PBXNativeTarget;
			buildConfigurationList = 9B2ACE4D203D61EF00C7F2A5 /* Build configuration list for PBXNativeTarget "LoginRegisterUITests" */;
			buildPhases = (
				9B2ACE3A203D61EF00C7F2A5 /* Sources */,
				9B2ACE3B203D61EF00C7F2A5 /* Frameworks */,
				9B2ACE3C203D61EF00C7F2A5 /* Resources */,
			);
			buildRules = (
			);
			dependencies = (
				9B2ACE40203D61EF00C7F2A5 /* PBXTargetDependency */,
			);
			name = LoginRegisterUITests;
			productName = LoginRegisterUITests;
			productReference = 9B2ACE3E203D61EF00C7F2A5 /* LoginRegisterUITests.xctest */;
			productType = "com.apple.product-type.bundle.ui-testing";
		};
/* End PBXNativeTarget section */

/* Begin PBXProject section */
		9B2ACE17203D61EE00C7F2A5 /* Project object */ = {
			isa = PBXProject;
			attributes = {
				LastSwiftUpdateCheck = 0920;
				LastUpgradeCheck = 0920;
				ORGANIZATIONNAME = MacStudent;
				TargetAttributes = {
					9B2ACE1E203D61EE00C7F2A5 = {
						CreatedOnToolsVersion = 9.2;
						ProvisioningStyle = Automatic;
					};
					9B2ACE32203D61EF00C7F2A5 = {
						CreatedOnToolsVersion = 9.2;
						ProvisioningStyle = Automatic;
						TestTargetID = 9B2ACE1E203D61EE00C7F2A5;
					};
					9B2ACE3D203D61EF00C7F2A5 = {
						CreatedOnToolsVersion = 9.2;
						ProvisioningStyle = Automatic;
						TestTargetID = 9B2ACE1E203D61EE00C7F2A5;
					};
				};
			};
			buildConfigurationList = 9B2ACE1A203D61EE00C7F2A5 /* Build configuration list for PBXProject "LoginRegister" */;
			compatibilityVersion = "Xcode 8.0";
			developmentRegion = en;
			hasScannedForEncodings = 0;
			knownRegions = (
				en,
				Base,
			);
			mainGroup = 9B2ACE16203D61EE00C7F2A5;
			productRefGroup = 9B2ACE20203D61EE00C7F2A5 /* Products */;
			projectDirPath = "";
			projectRoot = "";
			targets = (
				9B2ACE1E203D61EE00C7F2A5 /* LoginRegister */,
				9B2ACE32203D61EF00C7F2A5 /* LoginRegisterTests */,
				9B2ACE3D203D61EF00C7F2A5 /* LoginRegisterUITests */,
			);
		};
/* End PBXProject section */

/* Begin PBXResourcesBuildPhase section */
		9B2ACE1D203D61EE00C7F2A5 /* Resources */ = {
			isa = PBXResourcesBuildPhase;
			buildActionMask = 2147483647;
			files = (
				9B2ACE2D203D61EF00C7F2A5 /* LaunchScreen.storyboard in Resources */,
				9B2ACE2A203D61EF00C7F2A5 /* Assets.xcassets in Resources */,
				9B2ACE28203D61EF00C7F2A5 /* Main.storyboard in Resources */,
			);
			runOnlyForDeploymentPostprocessing = 0;
		};
		9B2ACE31203D61EF00C7F2A5 /* Resources */ = {
			isa = PBXResourcesBuildPhase;
			buildActionMask = 2147483647;
			files = (
			);
			runOnlyForDeploymentPostprocessing = 0;
		};
		9B2ACE3C203D61EF00C7F2A5 /* Resources */ = {
			isa = PBXResourcesBuildPhase;
			buildActionMask = 2147483647;
			files = (
			);
			runOnlyForDeploymentPostprocessing = 0;
		};
/* End PBXResourcesBuildPhase section */

/* Begin PBXSourcesBuildPhase section */
		9B2ACE1B203D61EE00C7F2A5 /* Sources */ = {
			isa = PBXSourcesBuildPhase;
			buildActionMask = 2147483647;
			files = (
				9B2ACE25203D61EF00C7F2A5 /* LoginVC.swift in Sources */,
				9B2ACE51203D6BA800C7F2A5 /* RegisterVC.swift in Sources */,
				9B2ACE23203D61EF00C7F2A5 /* AppDelegate.swift in Sources */,
				9B2A7E28203D86DE0026161A /* WelcomeVC.swift in Sources */,
				9BB04131203EE98000A827F3 /* MenuVC.swift in Sources */,
			);
			runOnlyForDeploymentPostprocessing = 0;
		};
		9B2ACE2F203D61EF00C7F2A5 /* Sources */ = {
			isa = PBXSourcesBuildPhase;
			buildActionMask = 2147483647;
			files = (
				9B2ACE38203D61EF00C7F2A5 /* LoginRegisterTests.swift in Sources */,
			);
			runOnlyForDeploymentPostprocessing = 0;
		};
		9B2ACE3A203D61EF00C7F2A5 /* Sources */ = {
			isa = PBXSourcesBuildPhase;
			buildActionMask = 2147483647;
			files = (
				9B2ACE43203D61EF00C7F2A5 /* LoginRegisterUITests.swift in Sources */,
			);
			runOnlyForDeploymentPostprocessing = 0;
		};
/* End PBXSourcesBuildPhase section */

/* Begin PBXTargetDependency section */
		9B2ACE35203D61EF00C7F2A5 /* PBXTargetDependency */ = {
			isa = PBXTargetDependency;
			target = 9B2ACE1E203D61EE00C7F2A5 /* LoginRegister */;
			targetProxy = 9B2ACE34203D61EF00C7F2A5 /* PBXContainerItemProxy */;
		};
		9B2ACE40203D61EF00C7F2A5 /* PBXTargetDependency */ = {
			isa = PBXTargetDependency;
			target = 9B2ACE1E203D61EE00C7F2A5 /* LoginRegister */;
			targetProxy = 9B2ACE3F203D61EF00C7F2A5 /* PBXContainerItemProxy */;
		};
/* End PBXTargetDependency section */

/* Begin PBXVariantGroup section */
		9B2ACE26203D61EF00C7F2A5 /* Main.storyboard */ = {
			isa = PBXVariantGroup;
			children = (
				9B2ACE27203D61EF00C7F2A5 /* Base */,
			);
			name = Main.storyboard;
			sourceTree = "<group>";
		};
		9B2ACE2B203D61EF00C7F2A5 /* LaunchScreen.storyboard */ = {
			isa = PBXVariantGroup;
			children = (
				9B2ACE2C203D61EF00C7F2A5 /* Base */,
			);
			name = LaunchScreen.storyboard;
			sourceTree = "<group>";
		};
/* End PBXVariantGroup section */

/* Begin XCBuildConfiguration section */
		9B2ACE45203D61EF00C7F2A5 /* Debug */ = {
			isa = XCBuildConfiguration;
			buildSettings = {
				ALWAYS_SEARCH_USER_PATHS = NO;
				CLANG_ANALYZER_NONNULL = YES;
				CLANG_ANALYZER_NUMBER_OBJECT_CONVERSION = YES_AGGRESSIVE;
				CLANG_CXX_LANGUAGE_STANDARD = "gnu++14";
				CLANG_CXX_LIBRARY = "libc++";
				CLANG_ENABLE_MODULES = YES;
				CLANG_ENABLE_OBJC_ARC = YES;
				CLANG_WARN_BLOCK_CAPTURE_AUTORELEASING = YES;
				CLANG_WARN_BOOL_CONVERSION = YES;
				CLANG_WARN_COMMA = YES;
				CLANG_WARN_CONSTANT_CONVERSION = YES;
				CLANG_WARN_DIRECT_OBJC_ISA_USAGE = YES_ERROR;
				CLANG_WARN_DOCUMENTATION_COMMENTS = YES;
				CLANG_WARN_EMPTY_BODY = YES;
				CLANG_WARN_ENUM_CONVERSION = YES;
				CLANG_WARN_INFINITE_RECURSION = YES;
				CLANG_WARN_INT_CONVERSION = YES;
				CLANG_WARN_NON_LITERAL_NULL_CONVERSION = YES;
				CLANG_WARN_OBJC_LITERAL_CONVERSION = YES;
				CLANG_WARN_OBJC_ROOT_CLASS = YES_ERROR;
				CLANG_WARN_RANGE_LOOP_ANALYSIS = YES;
				CLANG_WARN_STRICT_PROTOTYPES = YES;
				CLANG_WARN_SUSPICIOUS_MOVE = YES;
				CLANG_WARN_UNGUARDED_AVAILABILITY = YES_AGGRESSIVE;
				CLANG_WARN_UNREACHABLE_CODE = YES;
				CLANG_WARN__DUPLICATE_METHOD_MATCH = YES;
				CODE_SIGN_IDENTITY = "iPhone Developer";
				COPY_PHASE_STRIP = NO;
				DEBUG_INFORMATION_FORMAT = dwarf;
				ENABLE_STRICT_OBJC_MSGSEND = YES;
				ENABLE_TESTABILITY = YES;
				GCC_C_LANGUAGE_STANDARD = gnu11;
				GCC_DYNAMIC_NO_PIC = NO;
				GCC_NO_COMMON_BLOCKS = YES;
				GCC_OPTIMIZATION_LEVEL = 0;
				GCC_PREPROCESSOR_DEFINITIONS = (
					"DEBUG=1",
					"$(inherited)",
				);
				GCC_WARN_64_TO_32_BIT_CONVERSION = YES;
				GCC_WARN_ABOUT_RETURN_TYPE = YES_ERROR;
				GCC_WARN_UNDECLARED_SELECTOR = YES;
				GCC_WARN_UNINITIALIZED_AUTOS = YES_AGGRESSIVE;
				GCC_WARN_UNUSED_FUNCTION = YES;
				GCC_WARN_UNUSED_VARIABLE = YES;
				IPHONEOS_DEPLOYMENT_TARGET = 11.2;
				MTL_ENABLE_DEBUG_INFO = YES;
				ONLY_ACTIVE_ARCH = YES;
				SDKROOT = iphoneos;
				SWIFT_ACTIVE_COMPILATION_CONDITIONS = DEBUG;
				SWIFT_OPTIMIZATION_LEVEL = "-Onone";
			};
			name = Debug;
		};
		9B2ACE46203D61EF00C7F2A5 /* Release */ = {
			isa = XCBuildConfiguration;
			buildSettings = {
				ALWAYS_SEARCH_USER_PATHS = NO;
				CLANG_ANALYZER_NONNULL = YES;
				CLANG_ANALYZER_NUMBER_OBJECT_CONVERSION = YES_AGGRESSIVE;
				CLANG_CXX_LANGUAGE_STANDARD = "gnu++14";
				CLANG_CXX_LIBRARY = "libc++";
				CLANG_ENABLE_MODULES = YES;
				CLANG_ENABLE_OBJC_ARC = YES;
				CLANG_WARN_BLOCK_CAPTURE_AUTORELEASING = YES;
				CLANG_WARN_BOOL_CONVERSION = YES;
				CLANG_WARN_COMMA = YES;
				CLANG_WARN_CONSTANT_CONVERSION = YES;
				CLANG_WARN_DIRECT_OBJC_ISA_USAGE = YES_ERROR;
				CLANG_WARN_DOCUMENTATION_COMMENTS = YES;
				CLANG_WARN_EMPTY_BODY = YES;
				CLANG_WARN_ENUM_CONVERSION = YES;
				CLANG_WARN_INFINITE_RECURSION = YES;
				CLANG_WARN_INT_CONVERSION = YES;
				CLANG_WARN_NON_LITERAL_NULL_CONVERSION = YES;
				CLANG_WARN_OBJC_LITERAL_CONVERSION = YES;
				CLANG_WARN_OBJC_ROOT_CLASS = YES_ERROR;
				CLANG_WARN_RANGE_LOOP_ANALYSIS = YES;
				CLANG_WARN_STRICT_PROTOTYPES = YES;
				CLANG_WARN_SUSPICIOUS_MOVE = YES;
				CLANG_WARN_UNGUARDED_AVAILABILITY = YES_AGGRESSIVE;
				CLANG_WARN_UNREACHABLE_CODE = YES;
				CLANG_WARN__DUPLICATE_METHOD_MATCH = YES;
				CODE_SIGN_IDENTITY = "iPhone Developer";
				COPY_PHASE_STRIP = NO;
				DEBUG_INFORMATION_FORMAT = "dwarf-with-dsym";
				ENABLE_NS_ASSERTIONS = NO;
				ENABLE_STRICT_OBJC_MSGSEND = YES;
				GCC_C_LANGUAGE_STANDARD = gnu11;
				GCC_NO_COMMON_BLOCKS = YES;
				GCC_WARN_64_TO_32_BIT_CONVERSION = YES;
				GCC_WARN_ABOUT_RETURN_TYPE = YES_ERROR;
				GCC_WARN_UNDECLARED_SELECTOR = YES;
				GCC_WARN_UNINITIALIZED_AUTOS = YES_AGGRESSIVE;
				GCC_WARN_UNUSED_FUNCTION = YES;
				GCC_WARN_UNUSED_VARIABLE = YES;
				IPHONEOS_DEPLOYMENT_TARGET = 11.2;
				MTL_ENABLE_DEBUG_INFO = NO;
				SDKROOT = iphoneos;
				SWIFT_OPTIMIZATION_LEVEL = "-Owholemodule";
				VALIDATE_PRODUCT = YES;
			};
			name = Release;
		};
		9B2ACE48203D61EF00C7F2A5 /* Debug */ = {
			isa = XCBuildConfiguration;
			buildSettings = {
				ASSETCATALOG_COMPILER_APPICON_NAME = AppIcon;
				CODE_SIGN_STYLE = Automatic;
				INFOPLIST_FILE = LoginRegister/Info.plist;
				LD_RUNPATH_SEARCH_PATHS = "$(inherited) @executable_path/Frameworks";
				PRODUCT_BUNDLE_IDENTIFIER = CestarCollege.LoginRegister;
				PRODUCT_NAME = "$(TARGET_NAME)";
				SWIFT_VERSION = 4.0;
				TARGETED_DEVICE_FAMILY = "1,2";
			};
			name = Debug;
		};
		9B2ACE49203D61EF00C7F2A5 /* Release */ = {
			isa = XCBuildConfiguration;
			buildSettings = {
				ASSETCATALOG_COMPILER_APPICON_NAME = AppIcon;
				CODE_SIGN_STYLE = Automatic;
				INFOPLIST_FILE = LoginRegister/Info.plist;
				LD_RUNPATH_SEARCH_PATHS = "$(inherited) @executable_path/Frameworks";
				PRODUCT_BUNDLE_IDENTIFIER = CestarCollege.LoginRegister;
				PRODUCT_NAME = "$(TARGET_NAME)";
				SWIFT_VERSION = 4.0;
				TARGETED_DEVICE_FAMILY = "1,2";
			};
			name = Release;
		};
		9B2ACE4B203D61EF00C7F2A5 /* Debug */ = {
			isa = XCBuildConfiguration;
			buildSettings = {
				ALWAYS_EMBED_SWIFT_STANDARD_LIBRARIES = YES;
				BUNDLE_LOADER = "$(TEST_HOST)";
				CODE_SIGN_STYLE = Automatic;
				INFOPLIST_FILE = LoginRegisterTests/Info.plist;
				LD_RUNPATH_SEARCH_PATHS = "$(inherited) @executable_path/Frameworks @loader_path/Frameworks";
				PRODUCT_BUNDLE_IDENTIFIER = CestarCollege.LoginRegisterTests;
				PRODUCT_NAME = "$(TARGET_NAME)";
				SWIFT_VERSION = 4.0;
				TARGETED_DEVICE_FAMILY = "1,2";
				TEST_HOST = "$(BUILT_PRODUCTS_DIR)/LoginRegister.app/LoginRegister";
			};
			name = Debug;
		};
		9B2ACE4C203D61EF00C7F2A5 /* Release */ = {
			isa = XCBuildConfiguration;
			buildSettings = {
				ALWAYS_EMBED_SWIFT_STANDARD_LIBRARIES = YES;
				BUNDLE_LOADER = "$(TEST_HOST)";
				CODE_SIGN_STYLE = Automatic;
				INFOPLIST_FILE = LoginRegisterTests/Info.plist;
				LD_RUNPATH_SEARCH_PATHS = "$(inherited) @executable_path/Frameworks @loader_path/Frameworks";
				PRODUCT_BUNDLE_IDENTIFIER = CestarCollege.LoginRegisterTests;
				PRODUCT_NAME = "$(TARGET_NAME)";
				SWIFT_VERSION = 4.0;
				TARGETED_DEVICE_FAMILY = "1,2";
				TEST_HOST = "$(BUILT_PRODUCTS_DIR)/LoginRegister.app/LoginRegister";
			};
			name = Release;
		};
		9B2ACE4E203D61EF00C7F2A5 /* Debug */ = {
			isa = XCBuildConfiguration;
			buildSettings = {
				ALWAYS_EMBED_SWIFT_STANDARD_LIBRARIES = YES;
				CODE_SIGN_STYLE = Automatic;
				INFOPLIST_FILE = LoginRegisterUITests/Info.plist;
				LD_RUNPATH_SEARCH_PATHS = "$(inherited) @executable_path/Frameworks @loader_path/Frameworks";
				PRODUCT_BUNDLE_IDENTIFIER = CestarCollege.LoginRegisterUITests;
				PRODUCT_NAME = "$(TARGET_NAME)";
				SWIFT_VERSION = 4.0;
				TARGETED_DEVICE_FAMILY = "1,2";
				TEST_TARGET_NAME = LoginRegister;
			};
			name = Debug;
		};
		9B2ACE4F203D61EF00C7F2A5 /* Release */ = {
			isa = XCBuildConfiguration;
			buildSettings = {
				ALWAYS_EMBED_SWIFT_STANDARD_LIBRARIES = YES;
				CODE_SIGN_STYLE = Automatic;
				INFOPLIST_FILE = LoginRegisterUITests/Info.plist;
				LD_RUNPATH_SEARCH_PATHS = "$(inherited) @executable_path/Frameworks @loader_path/Frameworks";
				PRODUCT_BUNDLE_IDENTIFIER = CestarCollege.LoginRegisterUITests;
				PRODUCT_NAME = "$(TARGET_NAME)";
				SWIFT_VERSION = 4.0;
				TARGETED_DEVICE_FAMILY = "1,2";
				TEST_TARGET_NAME = LoginRegister;
			};
			name = Release;
		};
/* End XCBuildConfiguration section */

/* Begin XCConfigurationList section */
		9B2ACE1A203D61EE00C7F2A5 /* Build configuration list for PBXProject "LoginRegister" */ = {
			isa = XCConfigurationList;
			buildConfigurations = (
				9B2ACE45203D61EF00C7F2A5 /* Debug */,
				9B2ACE46203D61EF00C7F2A5 /* Release */,
			);
			defaultConfigurationIsVisible = 0;
			defaultConfigurationName = Release;
		};
		9B2ACE47203D61EF00C7F2A5 /* Build configuration list for PBXNativeTarget "LoginRegister" */ = {
			isa = XCConfigurationList;
			buildConfigurations = (
				9B2ACE48203D61EF00C7F2A5 /* Debug */,
				9B2ACE49203D61EF00C7F2A5 /* Release */,
			);
			defaultConfigurationIsVisible = 0;
			defaultConfigurationName = Release;
		};
		9B2ACE4A203D61EF00C7F2A5 /* Build configuration list for PBXNativeTarget "LoginRegisterTests" */ = {
			isa = XCConfigurationList;
			buildConfigurations = (
				9B2ACE4B203D61EF00C7F2A5 /* Debug */,
				9B2ACE4C203D61EF00C7F2A5 /* Release */,
			);
			defaultConfigurationIsVisible = 0;
			defaultConfigurationName = Release;
		};
		9B2ACE4D203D61EF00C7F2A5 /* Build configuration list for PBXNativeTarget "LoginRegisterUITests" */ = {
			isa = XCConfigurationList;
			buildConfigurations = (
				9B2ACE4E203D61EF00C7F2A5 /* Debug */,
				9B2ACE4F203D61EF00C7F2A5 /* Release */,
			);
			defaultConfigurationIsVisible = 0;
			defaultConfigurationName = Release;
		};
/* End XCConfigurationList section */
	};
	rootObject = 9B2ACE17203D61EE00C7F2A5 /* Project object */;
}
