// !$*UTF8*$!
{
	archiveVersion = 1;
	classes = {
	};
	objectVersion = 48;
	objects = {

/* Begin PBXBuildFile section */
		9BB572F920456ABA00E1B404 /* AppDelegate.swift in Sources */ = {isa = PBXBuildFile; fileRef = 9BB572F820456ABA00E1B404 /* AppDelegate.swift */; };
		9BB572FB20456ABA00E1B404 /* ViewController.swift in Sources */ = {isa = PBXBuildFile; fileRef = 9BB572FA20456ABA00E1B404 /* ViewController.swift */; };
		9BB572FE20456ABA00E1B404 /* Main.storyboard in Resources */ = {isa = PBXBuildFile; fileRef = 9BB572FC20456ABA00E1B404 /* Main.storyboard */; };
		9BB5730020456ABA00E1B404 /* Assets.xcassets in Resources */ = {isa = PBXBuildFile; fileRef = 9BB572FF20456ABA00E1B404 /* Assets.xcassets */; };
		9BB5730320456ABA00E1B404 /* LaunchScreen.storyboard in Resources */ = {isa = PBXBuildFile; fileRef = 9BB5730120456ABA00E1B404 /* LaunchScreen.storyboard */; };
		9BB5730D2045752200E1B404 /* Happy.png in Resources */ = {isa = PBXBuildFile; fileRef = 9BB5730A2045752100E1B404 /* Happy.png */; };
		9BB5730E2045752200E1B404 /* Sad.png in Resources */ = {isa = PBXBuildFile; fileRef = 9BB5730B2045752200E1B404 /* Sad.png */; };
		9BB5730F2045752200E1B404 /* Angry.png in Resources */ = {isa = PBXBuildFile; fileRef = 9BB5730C2045752200E1B404 /* Angry.png */; };
/* End PBXBuildFile section */

/* Begin PBXFileReference section */
		9BB572F520456ABA00E1B404 /* Day6_2.app */ = {isa = PBXFileReference; explicitFileType = wrapper.application; includeInIndex = 0; path = Day6_2.app; sourceTree = BUILT_PRODUCTS_DIR; };
		9BB572F820456ABA00E1B404 /* AppDelegate.swift */ = {isa = PBXFileReference; lastKnownFileType = sourcecode.swift; path = AppDelegate.swift; sourceTree = "<group>"; };
		9BB572FA20456ABA00E1B404 /* ViewController.swift */ = {isa = PBXFileReference; lastKnownFileType = sourcecode.swift; path = ViewController.swift; sourceTree = "<group>"; };
		9BB572FD20456ABA00E1B404 /* Base */ = {isa = PBXFileReference; lastKnownFileType = file.storyboard; name = Base; path = Base.lproj/Main.storyboard; sourceTree = "<group>"; };
		9BB572FF20456ABA00E1B404 /* Assets.xcassets */ = {isa = PBXFileReference; lastKnownFileType = folder.assetcatalog; path = Assets.xcassets; sourceTree = "<group>"; };
		9BB5730220456ABA00E1B404 /* Base */ = {isa = PBXFileReference; lastKnownFileType = file.storyboard; name = Base; path = Base.lproj/LaunchScreen.storyboard; sourceTree = "<group>"; };
		9BB5730420456ABA00E1B404 /* Info.plist */ = {isa = PBXFileReference; lastKnownFileType = text.plist.xml; path = Info.plist; sourceTree = "<group>"; };
		9BB5730A2045752100E1B404 /* Happy.png */ = {isa = PBXFileReference; lastKnownFileType = image.png; path = Happy.png; sourceTree = "<group>"; };
		9BB5730B2045752200E1B404 /* Sad.png */ = {isa = PBXFileReference; lastKnownFileType = image.png; path = Sad.png; sourceTree = "<group>"; };
		9BB5730C2045752200E1B404 /* Angry.png */ = {isa = PBXFileReference; lastKnownFileType = image.png; path = Angry.png; sourceTree = "<group>"; };
/* End PBXFileReference section */

/* Begin PBXFrameworksBuildPhase section */
		9BB572F220456ABA00E1B404 /* Frameworks */ = {
			isa = PBXFrameworksBuildPhase;
			buildActionMask = 2147483647;
			files = (
			);
			runOnlyForDeploymentPostprocessing = 0;
		};
/* End PBXFrameworksBuildPhase section */

/* Begin PBXGroup section */
		9BB572EC20456ABA00E1B404 = {
			isa = PBXGroup;
			children = (
				9BB572F720456ABA00E1B404 /* Day6_2 */,
				9BB572F620456ABA00E1B404 /* Products */,
			);
			sourceTree = "<group>";
		};
		9BB572F620456ABA00E1B404 /* Products */ = {
			isa = PBXGroup;
			children = (
				9BB572F520456ABA00E1B404 /* Day6_2.app */,
			);
			name = Products;
			sourceTree = "<group>";
		};
		9BB572F720456ABA00E1B404 /* Day6_2 */ = {
			isa = PBXGroup;
			children = (
				9BB5730C2045752200E1B404 /* Angry.png */,
				9BB5730A2045752100E1B404 /* Happy.png */,
				9BB5730B2045752200E1B404 /* Sad.png */,
				9BB572F820456ABA00E1B404 /* AppDelegate.swift */,
				9BB572FA20456ABA00E1B404 /* ViewController.swift */,
				9BB572FC20456ABA00E1B404 /* Main.storyboard */,
				9BB572FF20456ABA00E1B404 /* Assets.xcassets */,
				9BB5730120456ABA00E1B404 /* LaunchScreen.storyboard */,
				9BB5730420456ABA00E1B404 /* Info.plist */,
			);
			path = Day6_2;
			sourceTree = "<group>";
		};
/* End PBXGroup section */

/* Begin PBXNativeTarget section */
		9BB572F420456ABA00E1B404 /* Day6_2 */ = {
			isa = PBXNativeTarget;
			buildConfigurationList = 9BB5730720456ABA00E1B404 /* Build configuration list for PBXNativeTarget "Day6_2" */;
			buildPhases = (
				9BB572F120456ABA00E1B404 /* Sources */,
				9BB572F220456ABA00E1B404 /* Frameworks */,
				9BB572F320456ABA00E1B404 /* Resources */,
			);
			buildRules = (
			);
			dependencies = (
			);
			name = Day6_2;
			productName = Day6_2;
			productReference = 9BB572F520456ABA00E1B404 /* Day6_2.app */;
			productType = "com.apple.product-type.application";
		};
/* End PBXNativeTarget section */

/* Begin PBXProject section */
		9BB572ED20456ABA00E1B404 /* Project object */ = {
			isa = PBXProject;
			attributes = {
				LastSwiftUpdateCheck = 0920;
				LastUpgradeCheck = 0920;
				ORGANIZATIONNAME = MacStudent;
				TargetAttributes = {
					9BB572F420456ABA00E1B404 = {
						CreatedOnToolsVersion = 9.2;
						ProvisioningStyle = Automatic;
					};
				};
			};
			buildConfigurationList = 9BB572F020456ABA00E1B404 /* Build configuration list for PBXProject "Day6_2" */;
			compatibilityVersion = "Xcode 8.0";
			developmentRegion = en;
			hasScannedForEncodings = 0;
			knownRegions = (
				en,
				Base,
			);
			mainGroup = 9BB572EC20456ABA00E1B404;
			productRefGroup = 9BB572F620456ABA00E1B404 /* Products */;
			projectDirPath = "";
			projectRoot = "";
			targets = (
				9BB572F420456ABA00E1B404 /* Day6_2 */,
			);
		};
/* End PBXProject section */

/* Begin PBXResourcesBuildPhase section */
		9BB572F320456ABA00E1B404 /* Resources */ = {
			isa = PBXResourcesBuildPhase;
			buildActionMask = 2147483647;
			files = (
				9BB5730E2045752200E1B404 /* Sad.png in Resources */,
				9BB5730320456ABA00E1B404 /* LaunchScreen.storyboard in Resources */,
				9BB5730020456ABA00E1B404 /* Assets.xcassets in Resources */,
				9BB5730F2045752200E1B404 /* Angry.png in Resources */,
				9BB5730D2045752200E1B404 /* Happy.png in Resources */,
				9BB572FE20456ABA00E1B404 /* Main.storyboard in Resources */,
			);
			runOnlyForDeploymentPostprocessing = 0;
		};
/* End PBXResourcesBuildPhase section */

/* Begin PBXSourcesBuildPhase section */
		9BB572F120456ABA00E1B404 /* Sources */ = {
			isa = PBXSourcesBuildPhase;
			buildActionMask = 2147483647;
			files = (
				9BB572FB20456ABA00E1B404 /* ViewController.swift in Sources */,
				9BB572F920456ABA00E1B404 /* AppDelegate.swift in Sources */,
			);
			runOnlyForDeploymentPostprocessing = 0;
		};
/* End PBXSourcesBuildPhase section */

/* Begin PBXVariantGroup section */
		9BB572FC20456ABA00E1B404 /* Main.storyboard */ = {
			isa = PBXVariantGroup;
			children = (
				9BB572FD20456ABA00E1B404 /* Base */,
			);
			name = Main.storyboard;
			sourceTree = "<group>";
		};
		9BB5730120456ABA00E1B404 /* LaunchScreen.storyboard */ = {
			isa = PBXVariantGroup;
			children = (
				9BB5730220456ABA00E1B404 /* Base */,
			);
			name = LaunchScreen.storyboard;
			sourceTree = "<group>";
		};
/* End PBXVariantGroup section */

/* Begin XCBuildConfiguration section */
		9BB5730520456ABA00E1B404 /* Debug */ = {
			isa = XCBuildConfiguration;
			buildSettings = {
				ALWAYS_SEARCH_USER_PATHS = NO;
				CLANG_ANALYZER_NONNULL = YES;
				CLANG_ANALYZER_NUMBER_OBJECT_CONVERSION = YES_AGGRESSIVE;
				CLANG_CXX_LANGUAGE_STANDARD = "gnu++14";
				CLANG_CXX_LIBRARY = "libc++";
				CLANG_ENABLE_MODULES = YES;
				CLANG_ENABLE_OBJC_ARC = YES;
				CLANG_WARN_BLOCK_CAPTURE_AUTORELEASING = YES;
				CLANG_WARN_BOOL_CONVERSION = YES;
				CLANG_WARN_COMMA = YES;
				CLANG_WARN_CONSTANT_CONVERSION = YES;
				CLANG_WARN_DIRECT_OBJC_ISA_USAGE = YES_ERROR;
				CLANG_WARN_DOCUMENTATION_COMMENTS = YES;
				CLANG_WARN_EMPTY_BODY = YES;
				CLANG_WARN_ENUM_CONVERSION = YES;
				CLANG_WARN_INFINITE_RECURSION = YES;
				CLANG_WARN_INT_CONVERSION = YES;
				CLANG_WARN_NON_LITERAL_NULL_CONVERSION = YES;
				CLANG_WARN_OBJC_LITERAL_CONVERSION = YES;
				CLANG_WARN_OBJC_ROOT_CLASS = YES_ERROR;
				CLANG_WARN_RANGE_LOOP_ANALYSIS = YES;
				CLANG_WARN_STRICT_PROTOTYPES = YES;
				CLANG_WARN_SUSPICIOUS_MOVE = YES;
				CLANG_WARN_UNGUARDED_AVAILABILITY = YES_AGGRESSIVE;
				CLANG_WARN_UNREACHABLE_CODE = YES;
				CLANG_WARN__DUPLICATE_METHOD_MATCH = YES;
				CODE_SIGN_IDENTITY = "iPhone Developer";
				COPY_PHASE_STRIP = NO;
				DEBUG_INFORMATION_FORMAT = dwarf;
				ENABLE_STRICT_OBJC_MSGSEND = YES;
				ENABLE_TESTABILITY = YES;
				GCC_C_LANGUAGE_STANDARD = gnu11;
				GCC_DYNAMIC_NO_PIC = NO;
				GCC_NO_COMMON_BLOCKS = YES;
				GCC_OPTIMIZATION_LEVEL = 0;
				GCC_PREPROCESSOR_DEFINITIONS = (
					"DEBUG=1",
					"$(inherited)",
				);
				GCC_WARN_64_TO_32_BIT_CONVERSION = YES;
				GCC_WARN_ABOUT_RETURN_TYPE = YES_ERROR;
				GCC_WARN_UNDECLARED_SELECTOR = YES;
				GCC_WARN_UNINITIALIZED_AUTOS = YES_AGGRESSIVE;
				GCC_WARN_UNUSED_FUNCTION = YES;
				GCC_WARN_UNUSED_VARIABLE = YES;
				IPHONEOS_DEPLOYMENT_TARGET = 11.2;
				MTL_ENABLE_DEBUG_INFO = YES;
				ONLY_ACTIVE_ARCH = YES;
				SDKROOT = iphoneos;
				SWIFT_ACTIVE_COMPILATION_CONDITIONS = DEBUG;
				SWIFT_OPTIMIZATION_LEVEL = "-Onone";
			};
			name = Debug;
		};
		9BB5730620456ABA00E1B404 /* Release */ = {
			isa = XCBuildConfiguration;
			buildSettings = {
				ALWAYS_SEARCH_USER_PATHS = NO;
				CLANG_ANALYZER_NONNULL = YES;
				CLANG_ANALYZER_NUMBER_OBJECT_CONVERSION = YES_AGGRESSIVE;
				CLANG_CXX_LANGUAGE_STANDARD = "gnu++14";
				CLANG_CXX_LIBRARY = "libc++";
				CLANG_ENABLE_MODULES = YES;
				CLANG_ENABLE_OBJC_ARC = YES;
				CLANG_WARN_BLOCK_CAPTURE_AUTORELEASING = YES;
				CLANG_WARN_BOOL_CONVERSION = YES;
				CLANG_WARN_COMMA = YES;
				CLANG_WARN_CONSTANT_CONVERSION = YES;
				CLANG_WARN_DIRECT_OBJC_ISA_USAGE = YES_ERROR;
				CLANG_WARN_DOCUMENTATION_COMMENTS = YES;
				CLANG_WARN_EMPTY_BODY = YES;
				CLANG_WARN_ENUM_CONVERSION = YES;
				CLANG_WARN_INFINITE_RECURSION = YES;
				CLANG_WARN_INT_CONVERSION = YES;
				CLANG_WARN_NON_LITERAL_NULL_CONVERSION = YES;
				CLANG_WARN_OBJC_LITERAL_CONVERSION = YES;
				CLANG_WARN_OBJC_ROOT_CLASS = YES_ERROR;
				CLANG_WARN_RANGE_LOOP_ANALYSIS = YES;
				CLANG_WARN_STRICT_PROTOTYPES = YES;
				CLANG_WARN_SUSPICIOUS_MOVE = YES;
				CLANG_WARN_UNGUARDED_AVAILABILITY = YES_AGGRESSIVE;
				CLANG_WARN_UNREACHABLE_CODE = YES;
				CLANG_WARN__DUPLICATE_METHOD_MATCH = YES;
				CODE_SIGN_IDENTITY = "iPhone Developer";
				COPY_PHASE_STRIP = NO;
				DEBUG_INFORMATION_FORMAT = "dwarf-with-dsym";
				ENABLE_NS_ASSERTIONS = NO;
				ENABLE_STRICT_OBJC_MSGSEND = YES;
				GCC_C_LANGUAGE_STANDARD = gnu11;
				GCC_NO_COMMON_BLOCKS = YES;
				GCC_WARN_64_TO_32_BIT_CONVERSION = YES;
				GCC_WARN_ABOUT_RETURN_TYPE = YES_ERROR;
				GCC_WARN_UNDECLARED_SELECTOR = YES;
				GCC_WARN_UNINITIALIZED_AUTOS = YES_AGGRESSIVE;
				GCC_WARN_UNUSED_FUNCTION = YES;
				GCC_WARN_UNUSED_VARIABLE = YES;
				IPHONEOS_DEPLOYMENT_TARGET = 11.2;
				MTL_ENABLE_DEBUG_INFO = NO;
				SDKROOT = iphoneos;
				SWIFT_OPTIMIZATION_LEVEL = "-Owholemodule";
				VALIDATE_PRODUCT = YES;
			};
			name = Release;
		};
		9BB5730820456ABA00E1B404 /* Debug */ = {
			isa = XCBuildConfiguration;
			buildSettings = {
				ASSETCATALOG_COMPILER_APPICON_NAME = AppIcon;
				CODE_SIGN_STYLE = Automatic;
				INFOPLIST_FILE = Day6_2/Info.plist;
				LD_RUNPATH_SEARCH_PATHS = "$(inherited) @executable_path/Frameworks";
				PRODUCT_BUNDLE_IDENTIFIER = "CestarCollege.Day6-2";
				PRODUCT_NAME = "$(TARGET_NAME)";
				SWIFT_VERSION = 4.0;
				TARGETED_DEVICE_FAMILY = "1,2";
			};
			name = Debug;
		};
		9BB5730920456ABA00E1B404 /* Release */ = {
			isa = XCBuildConfiguration;
			buildSettings = {
				ASSETCATALOG_COMPILER_APPICON_NAME = AppIcon;
				CODE_SIGN_STYLE = Automatic;
				INFOPLIST_FILE = Day6_2/Info.plist;
				LD_RUNPATH_SEARCH_PATHS = "$(inherited) @executable_path/Frameworks";
				PRODUCT_BUNDLE_IDENTIFIER = "CestarCollege.Day6-2";
				PRODUCT_NAME = "$(TARGET_NAME)";
				SWIFT_VERSION = 4.0;
				TARGETED_DEVICE_FAMILY = "1,2";
			};
			name = Release;
		};
/* End XCBuildConfiguration section */

/* Begin XCConfigurationList section */
		9BB572F020456ABA00E1B404 /* Build configuration list for PBXProject "Day6_2" */ = {
			isa = XCConfigurationList;
			buildConfigurations = (
				9BB5730520456ABA00E1B404 /* Debug */,
				9BB5730620456ABA00E1B404 /* Release */,
			);
			defaultConfigurationIsVisible = 0;
			defaultConfigurationName = Release;
		};
		9BB5730720456ABA00E1B404 /* Build configuration list for PBXNativeTarget "Day6_2" */ = {
			isa = XCConfigurationList;
			buildConfigurations = (
				9BB5730820456ABA00E1B404 /* Debug */,
				9BB5730920456ABA00E1B404 /* Release */,
			);
			defaultConfigurationIsVisible = 0;
			defaultConfigurationName = Release;
		};
/* End XCConfigurationList section */
	};
	rootObject = 9BB572ED20456ABA00E1B404 /* Project object */;
}
